
Microsoft Visual Studio Solution File, Format Version 12.00
# Visual Studio 15
Project("{FAE04EC0-301F-11D3-BF4B-00C04F79EFBC}") = "Assembly-CSharp", "Assembly-CSharp.csproj", "{A3B846F1-41C0-46C7-D89E-B72613BD2CA9}"
EndProject
Project("{FAE04EC0-301F-11D3-BF4B-00C04F79EFBC}") = "Assembly-CSharp-Editor", "Assembly-CSharp-Editor.csproj", "{8933BD91-D222-512E-2DDF-51B5B3748F10}"
EndProject
Global
	GlobalSection(SolutionConfigurationPlatforms) = preSolution
		Debug|Any CPU = Debug|Any CPU
		Release|Any CPU = Release|Any CPU
	EndGlobalSection
	GlobalSection(ProjectConfigurationPlatforms) = postSolution
		{A3B846F1-41C0-46C7-D89E-B72613BD2CA9}.Debug|Any CPU.ActiveCfg = Debug|Any CPU
		{A3B846F1-41C0-46C7-D89E-B72613BD2CA9}.Debug|Any CPU.Build.0 = Debug|Any CPU
		{A3B846F1-41C0-46C7-D89E-B72613BD2CA9}.Release|Any CPU.ActiveCfg = Release|Any CPU
		{A3B846F1-41C0-46C7-D89E-B72613BD2CA9}.Release|Any CPU.Build.0 = Release|Any CPU
		{8933BD91-D222-512E-2DDF-51B5B3748F10}.Debug|Any CPU.ActiveCfg = Debug|Any CPU
		{8933BD91-D222-512E-2DDF-51B5B3748F10}.Debug|Any CPU.Build.0 = Debug|Any CPU
		{8933BD91-D222-512E-2DDF-51B5B3748F10}.Release|Any CPU.ActiveCfg = Release|Any CPU
		{8933BD91-D222-512E-2DDF-51B5B3748F10}.Release|Any CPU.Build.0 = Release|Any CPU
	EndGlobalSection
	GlobalSection(SolutionProperties) = preSolution
		HideSolutionNode = FALSE
	EndGlobalSection
EndGlobal
